// !$*UTF8*$!
{
	archiveVersion = 1;
	classes = {
	};
	objectVersion = 50;
	objects = {

/* Begin PBXBuildFile section */
		85C05B8C234252B000AC0149 /* AppDelegate.swift in Sources */ = {isa = PBXBuildFile; fileRef = 85C05B8B234252B000AC0149 /* AppDelegate.swift */; };
		85C05B8E234252B000AC0149 /* MealViewController.swift in Sources */ = {isa = PBXBuildFile; fileRef = 85C05B8D234252B000AC0149 /* MealViewController.swift */; };
		85C05B91234252B000AC0149 /* Main.storyboard in Resources */ = {isa = PBXBuildFile; fileRef = 85C05B8F234252B000AC0149 /* Main.storyboard */; };
		85C05B93234252B200AC0149 /* Assets.xcassets in Resources */ = {isa = PBXBuildFile; fileRef = 85C05B92234252B200AC0149 /* Assets.xcassets */; };
		85C05B96234252B200AC0149 /* LaunchScreen.storyboard in Resources */ = {isa = PBXBuildFile; fileRef = 85C05B94234252B200AC0149 /* LaunchScreen.storyboard */; };
		85C05BA1234252B200AC0149 /* FoodTrackerTests.swift in Sources */ = {isa = PBXBuildFile; fileRef = 85C05BA0234252B200AC0149 /* FoodTrackerTests.swift */; };
		85C05BAC234252B200AC0149 /* FoodTrackerUITests.swift in Sources */ = {isa = PBXBuildFile; fileRef = 85C05BAB234252B200AC0149 /* FoodTrackerUITests.swift */; };
		85C05BBA2342D77C00AC0149 /* RatingControl.swift in Sources */ = {isa = PBXBuildFile; fileRef = 85C05BB92342D77C00AC0149 /* RatingControl.swift */; };
		85C05BBC2342E87800AC0149 /* Meal.swift in Sources */ = {isa = PBXBuildFile; fileRef = 85C05BBB2342E87800AC0149 /* Meal.swift */; };
		85C05BC02342EE5D00AC0149 /* MealTableViewCell.swift in Sources */ = {isa = PBXBuildFile; fileRef = 85C05BBF2342EE5D00AC0149 /* MealTableViewCell.swift */; };
		85EB60232342F17E006CBB5B /* MealTableViewController.swift in Sources */ = {isa = PBXBuildFile; fileRef = 85EB60222342F17E006CBB5B /* MealTableViewController.swift */; };
/* End PBXBuildFile section */

/* Begin PBXContainerItemProxy section */
		85C05B9D234252B200AC0149 /* PBXContainerItemProxy */ = {
			isa = PBXContainerItemProxy;
			containerPortal = 85C05B80234252B000AC0149 /* Project object */;
			proxyType = 1;
			remoteGlobalIDString = 85C05B87234252B000AC0149;
			remoteInfo = FoodTracker;
		};
		85C05BA8234252B200AC0149 /* PBXContainerItemProxy */ = {
			isa = PBXContainerItemProxy;
			containerPortal = 85C05B80234252B000AC0149 /* Project object */;
			proxyType = 1;
			remoteGlobalIDString = 85C05B87234252B000AC0149;
			remoteInfo = FoodTracker;
		};
/* End PBXContainerItemProxy section */

/* Begin PBXFileReference section */
		85C05B88234252B000AC0149 /* FoodTracker.app */ = {isa = PBXFileReference; explicitFileType = wrapper.application; includeInIndex = 0; path = FoodTracker.app; sourceTree = BUILT_PRODUCTS_DIR; };
		85C05B8B234252B000AC0149 /* AppDelegate.swift */ = {isa = PBXFileReference; lastKnownFileType = sourcecode.swift; path = AppDelegate.swift; sourceTree = "<group>"; };
		85C05B8D234252B000AC0149 /* MealViewController.swift */ = {isa = PBXFileReference; lastKnownFileType = sourcecode.swift; path = MealViewController.swift; sourceTree = "<group>"; };
		85C05B90234252B000AC0149 /* Base */ = {isa = PBXFileReference; lastKnownFileType = file.storyboard; name = Base; path = Base.lproj/Main.storyboard; sourceTree = "<group>"; };
		85C05B92234252B200AC0149 /* Assets.xcassets */ = {isa = PBXFileReference; lastKnownFileType = folder.assetcatalog; path = Assets.xcassets; sourceTree = "<group>"; };
		85C05B95234252B200AC0149 /* Base */ = {isa = PBXFileReference; lastKnownFileType = file.storyboard; name = Base; path = Base.lproj/LaunchScreen.storyboard; sourceTree = "<group>"; };
		85C05B97234252B200AC0149 /* Info.plist */ = {isa = PBXFileReference; lastKnownFileType = text.plist.xml; path = Info.plist; sourceTree = "<group>"; };
		85C05B9C234252B200AC0149 /* FoodTrackerTests.xctest */ = {isa = PBXFileReference; explicitFileType = wrapper.cfbundle; includeInIndex = 0; path = FoodTrackerTests.xctest; sourceTree = BUILT_PRODUCTS_DIR; };
		85C05BA0234252B200AC0149 /* FoodTrackerTests.swift */ = {isa = PBXFileReference; lastKnownFileType = sourcecode.swift; path = FoodTrackerTests.swift; sourceTree = "<group>"; };
		85C05BA2234252B200AC0149 /* Info.plist */ = {isa = PBXFileReference; lastKnownFileType = text.plist.xml; path = Info.plist; sourceTree = "<group>"; };
		85C05BA7234252B200AC0149 /* FoodTrackerUITests.xctest */ = {isa = PBXFileReference; explicitFileType = wrapper.cfbundle; includeInIndex = 0; path = FoodTrackerUITests.xctest; sourceTree = BUILT_PRODUCTS_DIR; };
		85C05BAB234252B200AC0149 /* FoodTrackerUITests.swift */ = {isa = PBXFileReference; lastKnownFileType = sourcecode.swift; path = FoodTrackerUITests.swift; sourceTree = "<group>"; };
		85C05BAD234252B200AC0149 /* Info.plist */ = {isa = PBXFileReference; lastKnownFileType = text.plist.xml; path = Info.plist; sourceTree = "<group>"; };
		85C05BB92342D77C00AC0149 /* RatingControl.swift */ = {isa = PBXFileReference; lastKnownFileType = sourcecode.swift; path = RatingControl.swift; sourceTree = "<group>"; };
		85C05BBB2342E87800AC0149 /* Meal.swift */ = {isa = PBXFileReference; lastKnownFileType = sourcecode.swift; path = Meal.swift; sourceTree = "<group>"; };
		85C05BBF2342EE5D00AC0149 /* MealTableViewCell.swift */ = {isa = PBXFileReference; lastKnownFileType = sourcecode.swift; path = MealTableViewCell.swift; sourceTree = "<group>"; };
		85EB60222342F17E006CBB5B /* MealTableViewController.swift */ = {isa = PBXFileReference; lastKnownFileType = sourcecode.swift; path = MealTableViewController.swift; sourceTree = "<group>"; };
/* End PBXFileReference section */

/* Begin PBXFrameworksBuildPhase section */
		85C05B85234252B000AC0149 /* Frameworks */ = {
			isa = PBXFrameworksBuildPhase;
			buildActionMask = 2147483647;
			files = (
			);
			runOnlyForDeploymentPostprocessing = 0;
		};
		85C05B99234252B200AC0149 /* Frameworks */ = {
			isa = PBXFrameworksBuildPhase;
			buildActionMask = 2147483647;
			files = (
			);
			runOnlyForDeploymentPostprocessing = 0;
		};
		85C05BA4234252B200AC0149 /* Frameworks */ = {
			isa = PBXFrameworksBuildPhase;
			buildActionMask = 2147483647;
			files = (
			);
			runOnlyForDeploymentPostprocessing = 0;
		};
/* End PBXFrameworksBuildPhase section */

/* Begin PBXGroup section */
		85C05B7F234252B000AC0149 = {
			isa = PBXGroup;
			children = (
				85C05B8A234252B000AC0149 /* FoodTracker */,
				85C05B9F234252B200AC0149 /* FoodTrackerTests */,
				85C05BAA234252B200AC0149 /* FoodTrackerUITests */,
				85C05B89234252B000AC0149 /* Products */,
			);
			sourceTree = "<group>";
		};
		85C05B89234252B000AC0149 /* Products */ = {
			isa = PBXGroup;
			children = (
				85C05B88234252B000AC0149 /* FoodTracker.app */,
				85C05B9C234252B200AC0149 /* FoodTrackerTests.xctest */,
				85C05BA7234252B200AC0149 /* FoodTrackerUITests.xctest */,
			);
			name = Products;
			sourceTree = "<group>";
		};
		85C05B8A234252B000AC0149 /* FoodTracker */ = {
			isa = PBXGroup;
			children = (
				85C05BBF2342EE5D00AC0149 /* MealTableViewCell.swift */,
				85EB60222342F17E006CBB5B /* MealTableViewController.swift */,
				85C05B8B234252B000AC0149 /* AppDelegate.swift */,
				85C05B8D234252B000AC0149 /* MealViewController.swift */,
				85C05BBB2342E87800AC0149 /* Meal.swift */,
				85C05BB92342D77C00AC0149 /* RatingControl.swift */,
				85C05B8F234252B000AC0149 /* Main.storyboard */,
				85C05B92234252B200AC0149 /* Assets.xcassets */,
				85C05B94234252B200AC0149 /* LaunchScreen.storyboard */,
				85C05B97234252B200AC0149 /* Info.plist */,
			);
			path = FoodTracker;
			sourceTree = "<group>";
		};
		85C05B9F234252B200AC0149 /* FoodTrackerTests */ = {
			isa = PBXGroup;
			children = (
				85C05BA0234252B200AC0149 /* FoodTrackerTests.swift */,
				85C05BA2234252B200AC0149 /* Info.plist */,
			);
			path = FoodTrackerTests;
			sourceTree = "<group>";
		};
		85C05BAA234252B200AC0149 /* FoodTrackerUITests */ = {
			isa = PBXGroup;
			children = (
				85C05BAB234252B200AC0149 /* FoodTrackerUITests.swift */,
				85C05BAD234252B200AC0149 /* Info.plist */,
			);
			path = FoodTrackerUITests;
			sourceTree = "<group>";
		};
/* End PBXGroup section */

/* Begin PBXNativeTarget section */
		85C05B87234252B000AC0149 /* FoodTracker */ = {
			isa = PBXNativeTarget;
			buildConfigurationList = 85C05BB0234252B200AC0149 /* Build configuration list for PBXNativeTarget "FoodTracker" */;
			buildPhases = (
				85C05B84234252B000AC0149 /* Sources */,
				85C05B85234252B000AC0149 /* Frameworks */,
				85C05B86234252B000AC0149 /* Resources */,
			);
			buildRules = (
			);
			dependencies = (
			);
			name = FoodTracker;
			productName = FoodTracker;
			productReference = 85C05B88234252B000AC0149 /* FoodTracker.app */;
			productType = "com.apple.product-type.application";
		};
		85C05B9B234252B200AC0149 /* FoodTrackerTests */ = {
			isa = PBXNativeTarget;
			buildConfigurationList = 85C05BB3234252B200AC0149 /* Build configuration list for PBXNativeTarget "FoodTrackerTests" */;
			buildPhases = (
				85C05B98234252B200AC0149 /* Sources */,
				85C05B99234252B200AC0149 /* Frameworks */,
				85C05B9A234252B200AC0149 /* Resources */,
			);
			buildRules = (
			);
			dependencies = (
				85C05B9E234252B200AC0149 /* PBXTargetDependency */,
			);
			name = FoodTrackerTests;
			productName = FoodTrackerTests;
			productReference = 85C05B9C234252B200AC0149 /* FoodTrackerTests.xctest */;
			productType = "com.apple.product-type.bundle.unit-test";
		};
		85C05BA6234252B200AC0149 /* FoodTrackerUITests */ = {
			isa = PBXNativeTarget;
			buildConfigurationList = 85C05BB6234252B200AC0149 /* Build configuration list for PBXNativeTarget "FoodTrackerUITests" */;
			buildPhases = (
				85C05BA3234252B200AC0149 /* Sources */,
				85C05BA4234252B200AC0149 /* Frameworks */,
				85C05BA5234252B200AC0149 /* Resources */,
			);
			buildRules = (
			);
			dependencies = (
				85C05BA9234252B200AC0149 /* PBXTargetDependency */,
			);
			name = FoodTrackerUITests;
			productName = FoodTrackerUITests;
			productReference = 85C05BA7234252B200AC0149 /* FoodTrackerUITests.xctest */;
			productType = "com.apple.product-type.bundle.ui-testing";
		};
/* End PBXNativeTarget section */

/* Begin PBXProject section */
		85C05B80234252B000AC0149 /* Project object */ = {
			isa = PBXProject;
			attributes = {
				LastSwiftUpdateCheck = 1000;
				LastUpgradeCheck = 1000;
				ORGANIZATIONNAME = "Alexis Harris";
				TargetAttributes = {
					85C05B87234252B000AC0149 = {
						CreatedOnToolsVersion = 10.0;
					};
					85C05B9B234252B200AC0149 = {
						CreatedOnToolsVersion = 10.0;
						TestTargetID = 85C05B87234252B000AC0149;
					};
					85C05BA6234252B200AC0149 = {
						CreatedOnToolsVersion = 10.0;
						TestTargetID = 85C05B87234252B000AC0149;
					};
				};
			};
			buildConfigurationList = 85C05B83234252B000AC0149 /* Build configuration list for PBXProject "FoodTracker" */;
			compatibilityVersion = "Xcode 9.3";
			developmentRegion = en;
			hasScannedForEncodings = 0;
			knownRegions = (
				en,
				Base,
			);
			mainGroup = 85C05B7F234252B000AC0149;
			productRefGroup = 85C05B89234252B000AC0149 /* Products */;
			projectDirPath = "";
			projectRoot = "";
			targets = (
				85C05B87234252B000AC0149 /* FoodTracker */,
				85C05B9B234252B200AC0149 /* FoodTrackerTests */,
				85C05BA6234252B200AC0149 /* FoodTrackerUITests */,
			);
		};
/* End PBXProject section */

/* Begin PBXResourcesBuildPhase section */
		85C05B86234252B000AC0149 /* Resources */ = {
			isa = PBXResourcesBuildPhase;
			buildActionMask = 2147483647;
			files = (
				85C05B96234252B200AC0149 /* LaunchScreen.storyboard in Resources */,
				85C05B93234252B200AC0149 /* Assets.xcassets in Resources */,
				85C05B91234252B000AC0149 /* Main.storyboard in Resources */,
			);
			runOnlyForDeploymentPostprocessing = 0;
		};
		85C05B9A234252B200AC0149 /* Resources */ = {
			isa = PBXResourcesBuildPhase;
			buildActionMask = 2147483647;
			files = (
			);
			runOnlyForDeploymentPostprocessing = 0;
		};
		85C05BA5234252B200AC0149 /* Resources */ = {
			isa = PBXResourcesBuildPhase;
			buildActionMask = 2147483647;
			files = (
			);
			runOnlyForDeploymentPostprocessing = 0;
		};
/* End PBXResourcesBuildPhase section */

/* Begin PBXSourcesBuildPhase section */
		85C05B84234252B000AC0149 /* Sources */ = {
			isa = PBXSourcesBuildPhase;
			buildActionMask = 2147483647;
			files = (
				85C05BBC2342E87800AC0149 /* Meal.swift in Sources */,
				85C05B8E234252B000AC0149 /* MealViewController.swift in Sources */,
				85C05BBA2342D77C00AC0149 /* RatingControl.swift in Sources */,
				85C05B8C234252B000AC0149 /* AppDelegate.swift in Sources */,
				85EB60232342F17E006CBB5B /* MealTableViewController.swift in Sources */,
				85C05BC02342EE5D00AC0149 /* MealTableViewCell.swift in Sources */,
			);
			runOnlyForDeploymentPostprocessing = 0;
		};
		85C05B98234252B200AC0149 /* Sources */ = {
			isa = PBXSourcesBuildPhase;
			buildActionMask = 2147483647;
			files = (
				85C05BA1234252B200AC0149 /* FoodTrackerTests.swift in Sources */,
			);
			runOnlyForDeploymentPostprocessing = 0;
		};
		85C05BA3234252B200AC0149 /* Sources */ = {
			isa = PBXSourcesBuildPhase;
			buildActionMask = 2147483647;
			files = (
				85C05BAC234252B200AC0149 /* FoodTrackerUITests.swift in Sources */,
			);
			runOnlyForDeploymentPostprocessing = 0;
		};
/* End PBXSourcesBuildPhase section */

/* Begin PBXTargetDependency section */
		85C05B9E234252B200AC0149 /* PBXTargetDependency */ = {
			isa = PBXTargetDependency;
			target = 85C05B87234252B000AC0149 /* FoodTracker */;
			targetProxy = 85C05B9D234252B200AC0149 /* PBXContainerItemProxy */;
		};
		85C05BA9234252B200AC0149 /* PBXTargetDependency */ = {
			isa = PBXTargetDependency;
			target = 85C05B87234252B000AC0149 /* FoodTracker */;
			targetProxy = 85C05BA8234252B200AC0149 /* PBXContainerItemProxy */;
		};
/* End PBXTargetDependency section */

/* Begin PBXVariantGroup section */
		85C05B8F234252B000AC0149 /* Main.storyboard */ = {
			isa = PBXVariantGroup;
			children = (
				85C05B90234252B000AC0149 /* Base */,
			);
			name = Main.storyboard;
			sourceTree = "<group>";
		};
		85C05B94234252B200AC0149 /* LaunchScreen.storyboard */ = {
			isa = PBXVariantGroup;
			children = (
				85C05B95234252B200AC0149 /* Base */,
			);
			name = LaunchScreen.storyboard;
			sourceTree = "<group>";
		};
/* End PBXVariantGroup section */

/* Begin XCBuildConfiguration section */
		85C05BAE234252B200AC0149 /* Debug */ = {
			isa = XCBuildConfiguration;
			buildSettings = {
				ALWAYS_SEARCH_USER_PATHS = NO;
				CLANG_ANALYZER_NONNULL = YES;
				CLANG_ANALYZER_NUMBER_OBJECT_CONVERSION = YES_AGGRESSIVE;
				CLANG_CXX_LANGUAGE_STANDARD = "gnu++14";
				CLANG_CXX_LIBRARY = "libc++";
				CLANG_ENABLE_MODULES = YES;
				CLANG_ENABLE_OBJC_ARC = YES;
				CLANG_ENABLE_OBJC_WEAK = YES;
				CLANG_WARN_BLOCK_CAPTURE_AUTORELEASING = YES;
				CLANG_WARN_BOOL_CONVERSION = YES;
				CLANG_WARN_COMMA = YES;
				CLANG_WARN_CONSTANT_CONVERSION = YES;
				CLANG_WARN_DEPRECATED_OBJC_IMPLEMENTATIONS = YES;
				CLANG_WARN_DIRECT_OBJC_ISA_USAGE = YES_ERROR;
				CLANG_WARN_DOCUMENTATION_COMMENTS = YES;
				CLANG_WARN_EMPTY_BODY = YES;
				CLANG_WARN_ENUM_CONVERSION = YES;
				CLANG_WARN_INFINITE_RECURSION = YES;
				CLANG_WARN_INT_CONVERSION = YES;
				CLANG_WARN_NON_LITERAL_NULL_CONVERSION = YES;
				CLANG_WARN_OBJC_IMPLICIT_RETAIN_SELF = YES;
				CLANG_WARN_OBJC_LITERAL_CONVERSION = YES;
				CLANG_WARN_OBJC_ROOT_CLASS = YES_ERROR;
				CLANG_WARN_RANGE_LOOP_ANALYSIS = YES;
				CLANG_WARN_STRICT_PROTOTYPES = YES;
				CLANG_WARN_SUSPICIOUS_MOVE = YES;
				CLANG_WARN_UNGUARDED_AVAILABILITY = YES_AGGRESSIVE;
				CLANG_WARN_UNREACHABLE_CODE = YES;
				CLANG_WARN__DUPLICATE_METHOD_MATCH = YES;
				CODE_SIGN_IDENTITY = "iPhone Developer";
				COPY_PHASE_STRIP = NO;
				DEBUG_INFORMATION_FORMAT = dwarf;
				ENABLE_STRICT_OBJC_MSGSEND = YES;
				ENABLE_TESTABILITY = YES;
				GCC_C_LANGUAGE_STANDARD = gnu11;
				GCC_DYNAMIC_NO_PIC = NO;
				GCC_NO_COMMON_BLOCKS = YES;
				GCC_OPTIMIZATION_LEVEL = 0;
				GCC_PREPROCESSOR_DEFINITIONS = (
					"DEBUG=1",
					"$(inherited)",
				);
				GCC_WARN_64_TO_32_BIT_CONVERSION = YES;
				GCC_WARN_ABOUT_RETURN_TYPE = YES_ERROR;
				GCC_WARN_UNDECLARED_SELECTOR = YES;
				GCC_WARN_UNINITIALIZED_AUTOS = YES_AGGRESSIVE;
				GCC_WARN_UNUSED_FUNCTION = YES;
				GCC_WARN_UNUSED_VARIABLE = YES;
				IPHONEOS_DEPLOYMENT_TARGET = 12.0;
				MTL_ENABLE_DEBUG_INFO = INCLUDE_SOURCE;
				MTL_FAST_MATH = YES;
				ONLY_ACTIVE_ARCH = YES;
				SDKROOT = iphoneos;
				SWIFT_ACTIVE_COMPILATION_CONDITIONS = DEBUG;
				SWIFT_OPTIMIZATION_LEVEL = "-Onone";
			};
			name = Debug;
		};
		85C05BAF234252B200AC0149 /* Release */ = {
			isa = XCBuildConfiguration;
			buildSettings = {
				ALWAYS_SEARCH_USER_PATHS = NO;
				CLANG_ANALYZER_NONNULL = YES;
				CLANG_ANALYZER_NUMBER_OBJECT_CONVERSION = YES_AGGRESSIVE;
				CLANG_CXX_LANGUAGE_STANDARD = "gnu++14";
				CLANG_CXX_LIBRARY = "libc++";
				CLANG_ENABLE_MODULES = YES;
				CLANG_ENABLE_OBJC_ARC = YES;
				CLANG_ENABLE_OBJC_WEAK = YES;
				CLANG_WARN_BLOCK_CAPTURE_AUTORELEASING = YES;
				CLANG_WARN_BOOL_CONVERSION = YES;
				CLANG_WARN_COMMA = YES;
				CLANG_WARN_CONSTANT_CONVERSION = YES;
				CLANG_WARN_DEPRECATED_OBJC_IMPLEMENTATIONS = YES;
				CLANG_WARN_DIRECT_OBJC_ISA_USAGE = YES_ERROR;
				CLANG_WARN_DOCUMENTATION_COMMENTS = YES;
				CLANG_WARN_EMPTY_BODY = YES;
				CLANG_WARN_ENUM_CONVERSION = YES;
				CLANG_WARN_INFINITE_RECURSION = YES;
				CLANG_WARN_INT_CONVERSION = YES;
				CLANG_WARN_NON_LITERAL_NULL_CONVERSION = YES;
				CLANG_WARN_OBJC_IMPLICIT_RETAIN_SELF = YES;
				CLANG_WARN_OBJC_LITERAL_CONVERSION = YES;
				CLANG_WARN_OBJC_ROOT_CLASS = YES_ERROR;
				CLANG_WARN_RANGE_LOOP_ANALYSIS = YES;
				CLANG_WARN_STRICT_PROTOTYPES = YES;
				CLANG_WARN_SUSPICIOUS_MOVE = YES;
				CLANG_WARN_UNGUARDED_AVAILABILITY = YES_AGGRESSIVE;
				CLANG_WARN_UNREACHABLE_CODE = YES;
				CLANG_WARN__DUPLICATE_METHOD_MATCH = YES;
				CODE_SIGN_IDENTITY = "iPhone Developer";
				COPY_PHASE_STRIP = NO;
				DEBUG_INFORMATION_FORMAT = "dwarf-with-dsym";
				ENABLE_NS_ASSERTIONS = NO;
				ENABLE_STRICT_OBJC_MSGSEND = YES;
				GCC_C_LANGUAGE_STANDARD = gnu11;
				GCC_NO_COMMON_BLOCKS = YES;
				GCC_WARN_64_TO_32_BIT_CONVERSION = YES;
				GCC_WARN_ABOUT_RETURN_TYPE = YES_ERROR;
				GCC_WARN_UNDECLARED_SELECTOR = YES;
				GCC_WARN_UNINITIALIZED_AUTOS = YES_AGGRESSIVE;
				GCC_WARN_UNUSED_FUNCTION = YES;
				GCC_WARN_UNUSED_VARIABLE = YES;
				IPHONEOS_DEPLOYMENT_TARGET = 12.0;
				MTL_ENABLE_DEBUG_INFO = NO;
				MTL_FAST_MATH = YES;
				SDKROOT = iphoneos;
				SWIFT_COMPILATION_MODE = wholemodule;
				SWIFT_OPTIMIZATION_LEVEL = "-O";
				VALIDATE_PRODUCT = YES;
			};
			name = Release;
		};
		85C05BB1234252B200AC0149 /* Debug */ = {
			isa = XCBuildConfiguration;
			buildSettings = {
				ASSETCATALOG_COMPILER_APPICON_NAME = AppIcon;
				CODE_SIGN_STYLE = Automatic;
				INFOPLIST_FILE = FoodTracker/Info.plist;
				LD_RUNPATH_SEARCH_PATHS = (
					"$(inherited)",
					"@executable_path/Frameworks",
				);
				PRODUCT_BUNDLE_IDENTIFIER = CS98.FoodTracker;
				PRODUCT_NAME = "$(TARGET_NAME)";
				SWIFT_VERSION = 4.2;
				TARGETED_DEVICE_FAMILY = "1,2";
			};
			name = Debug;
		};
		85C05BB2234252B200AC0149 /* Release */ = {
			isa = XCBuildConfiguration;
			buildSettings = {
				ASSETCATALOG_COMPILER_APPICON_NAME = AppIcon;
				CODE_SIGN_STYLE = Automatic;
				INFOPLIST_FILE = FoodTracker/Info.plist;
				LD_RUNPATH_SEARCH_PATHS = (
					"$(inherited)",
					"@executable_path/Frameworks",
				);
				PRODUCT_BUNDLE_IDENTIFIER = CS98.FoodTracker;
				PRODUCT_NAME = "$(TARGET_NAME)";
				SWIFT_VERSION = 4.2;
				TARGETED_DEVICE_FAMILY = "1,2";
			};
			name = Release;
		};
		85C05BB4234252B200AC0149 /* Debug */ = {
			isa = XCBuildConfiguration;
			buildSettings = {
				ALWAYS_EMBED_SWIFT_STANDARD_LIBRARIES = YES;
				BUNDLE_LOADER = "$(TEST_HOST)";
				CODE_SIGN_STYLE = Automatic;
				INFOPLIST_FILE = FoodTrackerTests/Info.plist;
				LD_RUNPATH_SEARCH_PATHS = (
					"$(inherited)",
					"@executable_path/Frameworks",
					"@loader_path/Frameworks",
				);
				PRODUCT_BUNDLE_IDENTIFIER = CS98.FoodTrackerTests;
				PRODUCT_NAME = "$(TARGET_NAME)";
				SWIFT_VERSION = 4.2;
				TARGETED_DEVICE_FAMILY = "1,2";
				TEST_HOST = "$(BUILT_PRODUCTS_DIR)/FoodTracker.app/FoodTracker";
			};
			name = Debug;
		};
		85C05BB5234252B200AC0149 /* Release */ = {
			isa = XCBuildConfiguration;
			buildSettings = {
				ALWAYS_EMBED_SWIFT_STANDARD_LIBRARIES = YES;
				BUNDLE_LOADER = "$(TEST_HOST)";
				CODE_SIGN_STYLE = Automatic;
				INFOPLIST_FILE = FoodTrackerTests/Info.plist;
				LD_RUNPATH_SEARCH_PATHS = (
					"$(inherited)",
					"@executable_path/Frameworks",
					"@loader_path/Frameworks",
				);
				PRODUCT_BUNDLE_IDENTIFIER = CS98.FoodTrackerTests;
				PRODUCT_NAME = "$(TARGET_NAME)";
				SWIFT_VERSION = 4.2;
				TARGETED_DEVICE_FAMILY = "1,2";
				TEST_HOST = "$(BUILT_PRODUCTS_DIR)/FoodTracker.app/FoodTracker";
			};
			name = Release;
		};
		85C05BB7234252B200AC0149 /* Debug */ = {
			isa = XCBuildConfiguration;
			buildSettings = {
				ALWAYS_EMBED_SWIFT_STANDARD_LIBRARIES = YES;
				CODE_SIGN_STYLE = Automatic;
				INFOPLIST_FILE = FoodTrackerUITests/Info.plist;
				LD_RUNPATH_SEARCH_PATHS = (
					"$(inherited)",
					"@executable_path/Frameworks",
					"@loader_path/Frameworks",
				);
				PRODUCT_BUNDLE_IDENTIFIER = CS98.FoodTrackerUITests;
				PRODUCT_NAME = "$(TARGET_NAME)";
				SWIFT_VERSION = 4.2;
				TARGETED_DEVICE_FAMILY = "1,2";
				TEST_TARGET_NAME = FoodTracker;
			};
			name = Debug;
		};
		85C05BB8234252B200AC0149 /* Release */ = {
			isa = XCBuildConfiguration;
			buildSettings = {
				ALWAYS_EMBED_SWIFT_STANDARD_LIBRARIES = YES;
				CODE_SIGN_STYLE = Automatic;
				INFOPLIST_FILE = FoodTrackerUITests/Info.plist;
				LD_RUNPATH_SEARCH_PATHS = (
					"$(inherited)",
					"@executable_path/Frameworks",
					"@loader_path/Frameworks",
				);
				PRODUCT_BUNDLE_IDENTIFIER = CS98.FoodTrackerUITests;
				PRODUCT_NAME = "$(TARGET_NAME)";
				SWIFT_VERSION = 4.2;
				TARGETED_DEVICE_FAMILY = "1,2";
				TEST_TARGET_NAME = FoodTracker;
			};
			name = Release;
		};
/* End XCBuildConfiguration section */

/* Begin XCConfigurationList section */
		85C05B83234252B000AC0149 /* Build configuration list for PBXProject "FoodTracker" */ = {
			isa = XCConfigurationList;
			buildConfigurations = (
				85C05BAE234252B200AC0149 /* Debug */,
				85C05BAF234252B200AC0149 /* Release */,
			);
			defaultConfigurationIsVisible = 0;
			defaultConfigurationName = Release;
		};
		85C05BB0234252B200AC0149 /* Build configuration list for PBXNativeTarget "FoodTracker" */ = {
			isa = XCConfigurationList;
			buildConfigurations = (
				85C05BB1234252B200AC0149 /* Debug */,
				85C05BB2234252B200AC0149 /* Release */,
			);
			defaultConfigurationIsVisible = 0;
			defaultConfigurationName = Release;
		};
		85C05BB3234252B200AC0149 /* Build configuration list for PBXNativeTarget "FoodTrackerTests" */ = {
			isa = XCConfigurationList;
			buildConfigurations = (
				85C05BB4234252B200AC0149 /* Debug */,
				85C05BB5234252B200AC0149 /* Release */,
			);
			defaultConfigurationIsVisible = 0;
			defaultConfigurationName = Release;
		};
		85C05BB6234252B200AC0149 /* Build configuration list for PBXNativeTarget "FoodTrackerUITests" */ = {
			isa = XCConfigurationList;
			buildConfigurations = (
				85C05BB7234252B200AC0149 /* Debug */,
				85C05BB8234252B200AC0149 /* Release */,
			);
			defaultConfigurationIsVisible = 0;
			defaultConfigurationName = Release;
		};
/* End XCConfigurationList section */
	};
	rootObject = 85C05B80234252B000AC0149 /* Project object */;
}
